<?xml version="1.0" encoding="utf-8"?>
<Project ToolsVersion="4.0" xmlns="http://schemas.microsoft.com/developer/msbuild/2003">
  <ItemGroup>
    <Filter Include="源文件">
      <UniqueIdentifier>{4FC737F1-C7A5-4376-A066-2A32D752A2FF}</UniqueIdentifier>
      <Extensions>cpp;c;cc;cxx;c++;cppm;ixx;def;odl;idl;hpj;bat;asm;asmx</Extensions>
    </Filter>
    <Filter Include="头文件">
      <UniqueIdentifier>{93995380-89BD-4b04-88EB-625FBE52EBFB}</UniqueIdentifier>
      <Extensions>h;hh;hpp;hxx;h++;hm;inl;inc;ipp;xsd</Extensions>
    </Filter>
    <Filter Include="资源文件">
      <UniqueIdentifier>{67DA6AB6-F800-4c08-8B7A-83BB121AAD01}</UniqueIdentifier>
      <Extensions>rc;ico;cur;bmp;dlg;rc2;rct;bin;rgs;gif;jpg;jpeg;jpe;resx;tiff;tif;png;wav;mfcribbon-ms</Extensions>
    </Filter>
    <Filter Include="d2d">
      <UniqueIdentifier>{127ebc57-ead0-41d5-951a-ac60e440406e}</UniqueIdentifier>
    </Filter>
  </ItemGroup>
  <ItemGroup>
    <ClInclude Include="src\lyric_wnd\targetver.h">
      <Filter>头文件</Filter>
    </ClInclude>
    <ClInclude Include="src\lyric_wnd\lyric_exe_header.h">
      <Filter>头文件</Filter>
    </ClInclude>
    <ClInclude Include="..\..\..\cpp\_git_works\CommonCode\d2d\Color.h">
      <Filter>d2d</Filter>
    </ClInclude>
    <ClInclude Include="src\lyric_wnd\lyric_wnd.h">
      <Filter>头文件</Filter>
    </ClInclude>
    <ClInclude Include="src\lyric_wnd\d2d.h">
      <Filter>d2d</Filter>
    </ClInclude>
    <ClInclude Include="src\lyric_wnd\CD2DFont.h">
      <Filter>d2d</Filter>
    </ClInclude>
    <ClInclude Include="src\lyric_wnd\CD2DBrush.h">
      <Filter>头文件</Filter>
    </ClInclude>
    <ClInclude Include="src\lyric_wnd\CD2DRender.h">
      <Filter>头文件</Filter>
    </ClInclude>
    <ClInclude Include="src\lyric_wnd\lyric_wnd_function.h">
      <Filter>头文件</Filter>
    </ClInclude>
    <ClInclude Include="src\lyric_wnd\resource.h">
      <Filter>头文件</Filter>
    </ClInclude>
    <ClInclude Include="src\lyric_wnd\CD2DImage.h">
      <Filter>头文件</Filter>
    </ClInclude>
    <ClInclude Include="src\lyric_wnd\lyric_wnd_header.h">
      <Filter>头文件</Filter>
    </ClInclude>
    <ClInclude Include="src\lyric_wnd\CCustomTextRenderer.h">
      <Filter>d2d</Filter>
    </ClInclude>
    <ClInclude Include="src\lyric_wnd\tinyxml2.h">
      <Filter>头文件</Filter>
    </ClInclude>
  </ItemGroup>
  <ItemGroup>
    <ClCompile Include="src\lyric_wnd\test_lyrics.cpp">
      <Filter>源文件</Filter>
    </ClCompile>
    <ClCompile Include="src\lyric_wnd\lyric_wnd.cpp">
      <Filter>源文件</Filter>
    </ClCompile>
    <ClCompile Include="src\lyric_wnd\d2d.cpp">
      <Filter>d2d</Filter>
    </ClCompile>
    <ClCompile Include="src\lyric_wnd\CD2DFont.cpp">
      <Filter>d2d</Filter>
    </ClCompile>
    <ClCompile Include="src\lyric_wnd\CD2DBrush.cpp">
      <Filter>源文件</Filter>
    </ClCompile>
    <ClCompile Include="src\lyric_wnd\CD2DRender.cpp">
      <Filter>源文件</Filter>
    </ClCompile>
    <ClCompile Include="src\lyric_wnd\lyric_wnd_function.cpp">
      <Filter>源文件</Filter>
    </ClCompile>
    <ClCompile Include="src\lyric_wnd\lyric_wnd_draw_text_glow.cpp">
      <Filter>源文件</Filter>
    </ClCompile>
    <ClCompile Include="src\lyric_wnd\tinyxml2.cpp">
      <Filter>源文件</Filter>
    </ClCompile>
    <ClCompile Include="src\lyric_wnd\lyric_wnd_load_image.cpp">
      <Filter>源文件</Filter>
    </ClCompile>
    <ClCompile Include="src\lyric_wnd\CD2DImage.cpp">
      <Filter>源文件</Filter>
    </ClCompile>
    <ClCompile Include="src\lyric_wnd\lyric_wnd_draw_button.cpp">
      <Filter>源文件</Filter>
    </ClCompile>
    <ClCompile Include="src\lyric_wnd\lyric_wnd_button_click.cpp">
      <Filter>源文件</Filter>
    </ClCompile>
    <ClCompile Include="src\lyric_wnd\lyric_wnd_button_hover.cpp">
      <Filter>源文件</Filter>
    </ClCompile>
    <ClCompile Include="src\lyric_wnd\lyric_wnd_draw_text_geometry.cpp">
      <Filter>源文件</Filter>
    </ClCompile>
    <ClCompile Include="src\lyric_wnd\lyric_wnd_header.cpp">
      <Filter>源文件</Filter>
    </ClCompile>
    <ClCompile Include="src\lyric_wnd\lyric_wnd_OnPaint.cpp">
      <Filter>源文件</Filter>
    </ClCompile>
    <ClCompile Include="src\lyric_wnd\lyric_wnd_draw_line.cpp">
      <Filter>源文件</Filter>
    </ClCompile>
    <ClCompile Include="src\lyric_wnd\CCustomTextRenderer.cpp">
      <Filter>d2d</Filter>
    </ClCompile>
    <ClCompile Include="src\lyric_wnd\lyric_wnd_draw_line_hori.cpp">
      <Filter>源文件</Filter>
    </ClCompile>
    <ClCompile Include="src\lyric_wnd\lyric_wnd_draw_line_vert.cpp">
      <Filter>源文件</Filter>
    </ClCompile>
  </ItemGroup>
  <ItemGroup>
    <ResourceCompile Include="src\lyric_wnd\lyric_wnd.rc">
      <Filter>资源文件</Filter>
    </ResourceCompile>
  </ItemGroup>
  <ItemGroup>
    <Xml Include="res\lyric_image.xml" />
  </ItemGroup>
  <ItemGroup>
    <Image Include="res\lyric_image.png">
      <Filter>资源文件</Filter>
    </Image>
  </ItemGroup>
</Project>